
Microsoft Visual Studio Solution File, Format Version 12.00
# Visual Studio 2013
VisualStudioVersion = 12.0.31101.0
MinimumVisualStudioVersion = 10.0.40219.1
Project("{2150E333-8FDC-42A3-9474-1A3956D46DE8}") = "Solution Items", "Solution Items", "{119B586E-9FD1-40F6-9AB0-2C513B837C74}"
	ProjectSection(SolutionItems) = preProject
		main_functions\buyChest.js = main_functions\buyChest.js
		main_functions\buyPremiumChest.js = main_functions\buyPremiumChest.js
		main_functions\claimDailyMission.js = main_functions\claimDailyMission.js
		main_functions\endDaily.js = main_functions\endDaily.js
		main_functions\endGame.js = main_functions\endGame.js
		main_functions\endSeason.js = main_functions\endSeason.js
		main_functions\experience.js = main_functions\experience.js
		main_functions\generateDaily.js = main_functions\generateDaily.js
		main_functions\getChestSlotsStatus.js = main_functions\getChestSlotsStatus.js
		main_functions\getDailyMissionStatus.js = main_functions\getDailyMissionStatus.js
		main_functions\getLiveFeed.js = main_functions\getLiveFeed.js
		main_functions\getServetTime.js = main_functions\getServetTime.js
		main_functions\iapMade.js = main_functions\iapMade.js
		main_functions\initServerData.js = main_functions\initServerData.js
		main_functions\levelUp.js = main_functions\levelUp.js
		main_functions\openChest.js = main_functions\openChest.js
		main_functions\openFreeChest.js = main_functions\openFreeChest.js
		main_functions\purchaseBMItem.js = main_functions\purchaseBMItem.js
		main_functions\purchaseItems.js = main_functions\purchaseItems.js
		main_functions\requestCurrency.js = main_functions\requestCurrency.js
		main_functions\requestInventory.js = main_functions\requestInventory.js
		main_functions\retrieveBlackMarket.js = main_functions\retrieveBlackMarket.js
		main_functions\rewardUsers.js = main_functions\rewardUsers.js
		main_functions\setMainCar.js = main_functions\setMainCar.js
		main_functions\skipTutorial.js = main_functions\skipTutorial.js
		main_functions\slotChestOperation.js = main_functions\slotChestOperation.js
		main_functions\startGame.js = main_functions\startGame.js
		main_functions\updateCarCust.js = main_functions\updateCarCust.js
		main_functions\upgradeCar.js = main_functions\upgradeCar.js
		main_functions\upgradePart.js = main_functions\upgradePart.js
		utils.js = utils.js
		main_functions\worthlessScript.js = main_functions\worthlessScript.js
	EndProjectSection
EndProject
Global
	GlobalSection(SolutionProperties) = preSolution
		HideSolutionNode = FALSE
	EndGlobalSection
EndGlobal
